
Microsoft Visual Studio Solution File, Format Version 12.00
Project("{FAE04EC0-301F-11D3-BF4B-00C04F79EFBC}") = "SqlCommenter", "SqlCommenter\SqlCommenter.csproj", "{F6933088-70C2-441C-9283-7019E40B3460}"
EndProject
Project("{FAE04EC0-301F-11D3-BF4B-00C04F79EFBC}") = "TestNet6", "TestNet6\TestNet6.csproj", "{032A7A9E-8ACC-45E5-8013-9B5A9324DA22}"
EndProject
Project("{FAE04EC0-301F-11D3-BF4B-00C04F79EFBC}") = "TestNetCore31", "TestNetCore31\TestNetCore31.csproj", "{FEBE7B61-C874-4EA1-80D6-75831F4AC201}"
EndProject
Project("{FAE04EC0-301F-11D3-BF4B-00C04F79EFBC}") = "TestNet5", "TestNet5\TestNet5.csproj", "{54A9D600-4C62-43B4-95E6-115998ECE0B2}"
EndProject
Project("{FAE04EC0-301F-11D3-BF4B-00C04F79EFBC}") = "SqlCommenter.Tests", "SqlCommenter.Tests\SqlCommenter.Tests.csproj", "{85AF7FAD-5B29-47D2-9002-907A8CB041E6}"
EndProject
Global
	GlobalSection(SolutionConfigurationPlatforms) = preSolution
		Debug|Any CPU = Debug|Any CPU
		Release|Any CPU = Release|Any CPU
	EndGlobalSection
	GlobalSection(ProjectConfigurationPlatforms) = postSolution
		{F6933088-70C2-441C-9283-7019E40B3460}.Debug|Any CPU.ActiveCfg = Debug|Any CPU
		{F6933088-70C2-441C-9283-7019E40B3460}.Debug|Any CPU.Build.0 = Debug|Any CPU
		{F6933088-70C2-441C-9283-7019E40B3460}.Release|Any CPU.ActiveCfg = Release|Any CPU
		{F6933088-70C2-441C-9283-7019E40B3460}.Release|Any CPU.Build.0 = Release|Any CPU
		{032A7A9E-8ACC-45E5-8013-9B5A9324DA22}.Debug|Any CPU.ActiveCfg = Debug|Any CPU
		{032A7A9E-8ACC-45E5-8013-9B5A9324DA22}.Debug|Any CPU.Build.0 = Debug|Any CPU
		{032A7A9E-8ACC-45E5-8013-9B5A9324DA22}.Release|Any CPU.ActiveCfg = Release|Any CPU
		{032A7A9E-8ACC-45E5-8013-9B5A9324DA22}.Release|Any CPU.Build.0 = Release|Any CPU
		{FEBE7B61-C874-4EA1-80D6-75831F4AC201}.Debug|Any CPU.ActiveCfg = Debug|Any CPU
		{FEBE7B61-C874-4EA1-80D6-75831F4AC201}.Debug|Any CPU.Build.0 = Debug|Any CPU
		{FEBE7B61-C874-4EA1-80D6-75831F4AC201}.Release|Any CPU.ActiveCfg = Release|Any CPU
		{FEBE7B61-C874-4EA1-80D6-75831F4AC201}.Release|Any CPU.Build.0 = Release|Any CPU
		{54A9D600-4C62-43B4-95E6-115998ECE0B2}.Debug|Any CPU.ActiveCfg = Debug|Any CPU
		{54A9D600-4C62-43B4-95E6-115998ECE0B2}.Debug|Any CPU.Build.0 = Debug|Any CPU
		{54A9D600-4C62-43B4-95E6-115998ECE0B2}.Release|Any CPU.ActiveCfg = Release|Any CPU
		{54A9D600-4C62-43B4-95E6-115998ECE0B2}.Release|Any CPU.Build.0 = Release|Any CPU
		{85AF7FAD-5B29-47D2-9002-907A8CB041E6}.Debug|Any CPU.ActiveCfg = Debug|Any CPU
		{85AF7FAD-5B29-47D2-9002-907A8CB041E6}.Debug|Any CPU.Build.0 = Debug|Any CPU
		{85AF7FAD-5B29-47D2-9002-907A8CB041E6}.Release|Any CPU.ActiveCfg = Release|Any CPU
		{85AF7FAD-5B29-47D2-9002-907A8CB041E6}.Release|Any CPU.Build.0 = Release|Any CPU
	EndGlobalSection
EndGlobal
